
Microsoft Visual Studio Solution File, Format Version 12.00
# Visual Studio Version 17
VisualStudioVersion = 17.0.31919.166
MinimumVisualStudioVersion = 10.0.40219.1
Project("{FAE04EC0-301F-11D3-BF4B-00C04F79EFBC}") = "Ex5", "Ex5\Ex5.csproj", "{7C2AA83A-EBB1-4F0A-A183-A4AF35BE1543}"
EndProject
Global
	GlobalSection(SolutionConfigurationPlatforms) = preSolution
		Debug|Any CPU = Debug|Any CPU
		Release|Any CPU = Release|Any CPU
	EndGlobalSection
	GlobalSection(ProjectConfigurationPlatforms) = postSolution
		{7C2AA83A-EBB1-4F0A-A183-A4AF35BE1543}.Debug|Any CPU.ActiveCfg = Debug|Any CPU
		{7C2AA83A-EBB1-4F0A-A183-A4AF35BE1543}.Debug|Any CPU.Build.0 = Debug|Any CPU
		{7C2AA83A-EBB1-4F0A-A183-A4AF35BE1543}.Release|Any CPU.ActiveCfg = Release|Any CPU
		{7C2AA83A-EBB1-4F0A-A183-A4AF35BE1543}.Release|Any CPU.Build.0 = Release|Any CPU
	EndGlobalSection
	GlobalSection(SolutionProperties) = preSolution
		HideSolutionNode = FALSE
	EndGlobalSection
	GlobalSection(ExtensibilityGlobals) = postSolution
		SolutionGuid = {D9378B45-D967-4949-AE3E-6C4A18A1C87D}
	EndGlobalSection
EndGlobal
